
Microsoft Visual Studio Solution File, Format Version 12.00
# Visual Studio Version 16
VisualStudioVersion = 16.0.31515.178
MinimumVisualStudioVersion = 10.0.40219.1
Project("{8BC9CEB8-8B4A-11D0-8D11-00A0C91BC942}") = "Week08_1", "Week08_1\Week08_1.vcxproj", "{493EE467-6FEC-4A16-8E55-DBFBABE0EA5D}"
EndProject
Global
	GlobalSection(SolutionConfigurationPlatforms) = preSolution
		Debug|x64 = Debug|x64
		Debug|x86 = Debug|x86
		Release|x64 = Release|x64
		Release|x86 = Release|x86
	EndGlobalSection
	GlobalSection(ProjectConfigurationPlatforms) = postSolution
		{493EE467-6FEC-4A16-8E55-DBFBABE0EA5D}.Debug|x64.ActiveCfg = Debug|x64
		{493EE467-6FEC-4A16-8E55-DBFBABE0EA5D}.Debug|x64.Build.0 = Debug|x64
		{493EE467-6FEC-4A16-8E55-DBFBABE0EA5D}.Debug|x86.ActiveCfg = Debug|Win32
		{493EE467-6FEC-4A16-8E55-DBFBABE0EA5D}.Debug|x86.Build.0 = Debug|Win32
		{493EE467-6FEC-4A16-8E55-DBFBABE0EA5D}.Release|x64.ActiveCfg = Release|x64
		{493EE467-6FEC-4A16-8E55-DBFBABE0EA5D}.Release|x64.Build.0 = Release|x64
		{493EE467-6FEC-4A16-8E55-DBFBABE0EA5D}.Release|x86.ActiveCfg = Release|Win32
		{493EE467-6FEC-4A16-8E55-DBFBABE0EA5D}.Release|x86.Build.0 = Release|Win32
	EndGlobalSection
	GlobalSection(SolutionProperties) = preSolution
		HideSolutionNode = FALSE
	EndGlobalSection
	GlobalSection(ExtensibilityGlobals) = postSolution
		SolutionGuid = {B94ED91F-3611-46A1-A5F0-CA434FA558DC}
	EndGlobalSection
EndGlobal
